
Microsoft Visual Studio Solution File, Format Version 12.00
# Visual Studio 14
VisualStudioVersion = 14.0.25420.1
MinimumVisualStudioVersion = 10.0.40219.1
Project("{888888A0-9F3D-457C-B088-3A5042F75D52}") = "GetSDWISData", "GetSDWISData.pyproj", "{0D967349-8E11-4417-ABF7-8AD31277ED9D}"
EndProject
Project("{888888A0-9F3D-457C-B088-3A5042F75D52}") = "EPA", "EPA\EPA.pyproj", "{3074B636-EA54-41C3-82C5-66978CDCC3BD}"
EndProject
Project("{2150E333-8FDC-42A3-9474-1A3956D46DE8}") = "Solution Items", "Solution Items", "{35475306-D412-447E-BEFB-76E0CE9A8AAE}"
	ProjectSection(SolutionItems) = preProject
		CONTRIBUTING.md = CONTRIBUTING.md
		LICENSE.md = LICENSE.md
		README.md = README.md
	EndProjectSection
EndProject
Global
	GlobalSection(SolutionConfigurationPlatforms) = preSolution
		Debug|Any CPU = Debug|Any CPU
		Release|Any CPU = Release|Any CPU
	EndGlobalSection
	GlobalSection(ProjectConfigurationPlatforms) = postSolution
		{0D967349-8E11-4417-ABF7-8AD31277ED9D}.Debug|Any CPU.ActiveCfg = Debug|Any CPU
		{0D967349-8E11-4417-ABF7-8AD31277ED9D}.Release|Any CPU.ActiveCfg = Release|Any CPU
		{3074B636-EA54-41C3-82C5-66978CDCC3BD}.Debug|Any CPU.ActiveCfg = Debug|Any CPU
		{3074B636-EA54-41C3-82C5-66978CDCC3BD}.Release|Any CPU.ActiveCfg = Release|Any CPU
	EndGlobalSection
	GlobalSection(SolutionProperties) = preSolution
		HideSolutionNode = FALSE
	EndGlobalSection
EndGlobal
